
Microsoft Visual Studio Solution File, Format Version 12.00
# Visual Studio Version 17
VisualStudioVersion = 17.1.32319.34
MinimumVisualStudioVersion = 10.0.40219.1
Project("{00D1A9C2-B5F0-4AF3-8072-F6C62B433612}") = "UserDb", "UserDb\UserDb.sqlproj", "{680A36D5-CAEA-490B-BB65-2A6338089CEF}"
EndProject
Global
	GlobalSection(SolutionConfigurationPlatforms) = preSolution
		Debug|Any CPU = Debug|Any CPU
		Release|Any CPU = Release|Any CPU
	EndGlobalSection
	GlobalSection(ProjectConfigurationPlatforms) = postSolution
		{680A36D5-CAEA-490B-BB65-2A6338089CEF}.Debug|Any CPU.ActiveCfg = Debug|Any CPU
		{680A36D5-CAEA-490B-BB65-2A6338089CEF}.Debug|Any CPU.Build.0 = Debug|Any CPU
		{680A36D5-CAEA-490B-BB65-2A6338089CEF}.Debug|Any CPU.Deploy.0 = Debug|Any CPU
		{680A36D5-CAEA-490B-BB65-2A6338089CEF}.Release|Any CPU.ActiveCfg = Release|Any CPU
		{680A36D5-CAEA-490B-BB65-2A6338089CEF}.Release|Any CPU.Build.0 = Release|Any CPU
		{680A36D5-CAEA-490B-BB65-2A6338089CEF}.Release|Any CPU.Deploy.0 = Release|Any CPU
	EndGlobalSection
	GlobalSection(SolutionProperties) = preSolution
		HideSolutionNode = FALSE
	EndGlobalSection
	GlobalSection(ExtensibilityGlobals) = postSolution
		SolutionGuid = {85D982AC-C90D-4DC5-AB47-2EC81E8BF20D}
	EndGlobalSection
EndGlobal
